
Microsoft Visual Studio Solution File, Format Version 12.00
# Visual Studio 2015
Project("{FAE04EC0-301F-11D3-BF4B-00C04F79EFBC}") = "Aliens-of-Scale.CSharp.Plugins", "Aliens-of-Scale.CSharp.Plugins.csproj", "{612A6E65-7B4C-E61F-F752-059BC6BAD085}"
EndProject
Project("{FAE04EC0-301F-11D3-BF4B-00C04F79EFBC}") = "Aliens-of-Scale.CSharp", "Aliens-of-Scale.CSharp.csproj", "{56FBCD07-9CF4-2C90-3591-EE289373BF07}"
EndProject
Project("{FAE04EC0-301F-11D3-BF4B-00C04F79EFBC}") = "Aliens-of-Scale.CSharp.Editor", "Aliens-of-Scale.CSharp.Editor.csproj", "{D12A295A-290F-3E2B-098F-8911B26A3FDE}"
EndProject
Global
	GlobalSection(SolutionConfigurationPlatforms) = preSolution
		Debug|Any CPU = Debug|Any CPU
		Release|Any CPU = Release|Any CPU
	EndGlobalSection
	GlobalSection(ProjectConfigurationPlatforms) = postSolution
		{612A6E65-7B4C-E61F-F752-059BC6BAD085}.Debug|Any CPU.ActiveCfg = Debug|Any CPU
		{612A6E65-7B4C-E61F-F752-059BC6BAD085}.Debug|Any CPU.Build.0 = Debug|Any CPU
		{612A6E65-7B4C-E61F-F752-059BC6BAD085}.Release|Any CPU.ActiveCfg = Release|Any CPU
		{612A6E65-7B4C-E61F-F752-059BC6BAD085}.Release|Any CPU.Build.0 = Release|Any CPU
		{56FBCD07-9CF4-2C90-3591-EE289373BF07}.Debug|Any CPU.ActiveCfg = Debug|Any CPU
		{56FBCD07-9CF4-2C90-3591-EE289373BF07}.Debug|Any CPU.Build.0 = Debug|Any CPU
		{56FBCD07-9CF4-2C90-3591-EE289373BF07}.Release|Any CPU.ActiveCfg = Release|Any CPU
		{56FBCD07-9CF4-2C90-3591-EE289373BF07}.Release|Any CPU.Build.0 = Release|Any CPU
		{D12A295A-290F-3E2B-098F-8911B26A3FDE}.Debug|Any CPU.ActiveCfg = Debug|Any CPU
		{D12A295A-290F-3E2B-098F-8911B26A3FDE}.Debug|Any CPU.Build.0 = Debug|Any CPU
		{D12A295A-290F-3E2B-098F-8911B26A3FDE}.Release|Any CPU.ActiveCfg = Release|Any CPU
		{D12A295A-290F-3E2B-098F-8911B26A3FDE}.Release|Any CPU.Build.0 = Release|Any CPU
	EndGlobalSection
	GlobalSection(SolutionProperties) = preSolution
		HideSolutionNode = FALSE
	EndGlobalSection
EndGlobal
